// !$*UTF8*$!
{
	archiveVersion = 1;
	classes = {
	};
	objectVersion = 48;
	objects = {

/* Begin PBXBuildFile section */
		6F1281B91F50D56000017A80 /* SLog.framework in Frameworks */ = {isa = PBXBuildFile; fileRef = 6F1281AF1F50D55F00017A80 /* SLog.framework */; };
		6F1281BE1F50D56000017A80 /* SLogTests.swift in Sources */ = {isa = PBXBuildFile; fileRef = 6F1281BD1F50D56000017A80 /* SLogTests.swift */; };
		6F1281C01F50D56000017A80 /* SLog.h in Headers */ = {isa = PBXBuildFile; fileRef = 6F1281B21F50D55F00017A80 /* SLog.h */; settings = {ATTRIBUTES = (Public, ); }; };
		6F1281CA1F50D94A00017A80 /* SLogDemo.swift in Sources */ = {isa = PBXBuildFile; fileRef = 6F1281C91F50D94A00017A80 /* SLogDemo.swift */; };
/* End PBXBuildFile section */

/* Begin PBXContainerItemProxy section */
		6F1281BA1F50D56000017A80 /* PBXContainerItemProxy */ = {
			isa = PBXContainerItemProxy;
			containerPortal = 6F1281A61F50D55F00017A80 /* Project object */;
			proxyType = 1;
			remoteGlobalIDString = 6F1281AE1F50D55F00017A80;
			remoteInfo = SLog;
		};
/* End PBXContainerItemProxy section */

/* Begin PBXFileReference section */
		6F1281AF1F50D55F00017A80 /* SLog.framework */ = {isa = PBXFileReference; explicitFileType = wrapper.framework; includeInIndex = 0; path = SLog.framework; sourceTree = BUILT_PRODUCTS_DIR; };
		6F1281B21F50D55F00017A80 /* SLog.h */ = {isa = PBXFileReference; lastKnownFileType = sourcecode.c.h; path = SLog.h; sourceTree = "<group>"; };
		6F1281B31F50D55F00017A80 /* Info.plist */ = {isa = PBXFileReference; lastKnownFileType = text.plist.xml; path = Info.plist; sourceTree = "<group>"; };
		6F1281B81F50D56000017A80 /* SLogTests.xctest */ = {isa = PBXFileReference; explicitFileType = wrapper.cfbundle; includeInIndex = 0; path = SLogTests.xctest; sourceTree = BUILT_PRODUCTS_DIR; };
		6F1281BD1F50D56000017A80 /* SLogTests.swift */ = {isa = PBXFileReference; fileEncoding = 4; lastKnownFileType = sourcecode.swift; path = SLogTests.swift; sourceTree = "<group>"; };
		6F1281BF1F50D56000017A80 /* Info.plist */ = {isa = PBXFileReference; lastKnownFileType = text.plist.xml; path = Info.plist; sourceTree = "<group>"; };
		6F1281C91F50D94A00017A80 /* SLogDemo.swift */ = {isa = PBXFileReference; fileEncoding = 4; lastKnownFileType = sourcecode.swift; path = SLogDemo.swift; sourceTree = "<group>"; };
/* End PBXFileReference section */

/* Begin PBXFrameworksBuildPhase section */
		6F1281AB1F50D55F00017A80 /* Frameworks */ = {
			isa = PBXFrameworksBuildPhase;
			buildActionMask = 2147483647;
			files = (
			);
			runOnlyForDeploymentPostprocessing = 0;
		};
		6F1281B51F50D56000017A80 /* Frameworks */ = {
			isa = PBXFrameworksBuildPhase;
			buildActionMask = 2147483647;
			files = (
				6F1281B91F50D56000017A80 /* SLog.framework in Frameworks */,
			);
			runOnlyForDeploymentPostprocessing = 0;
		};
/* End PBXFrameworksBuildPhase section */

/* Begin PBXGroup section */
		6F1281A51F50D55F00017A80 = {
			isa = PBXGroup;
			children = (
				6F1281B11F50D55F00017A80 /* SLog */,
				6F1281BC1F50D56000017A80 /* SLogTests */,
				6F1281B01F50D55F00017A80 /* Products */,
			);
			sourceTree = "<group>";
		};
		6F1281B01F50D55F00017A80 /* Products */ = {
			isa = PBXGroup;
			children = (
				6F1281AF1F50D55F00017A80 /* SLog.framework */,
				6F1281B81F50D56000017A80 /* SLogTests.xctest */,
			);
			name = Products;
			sourceTree = "<group>";
		};
		6F1281B11F50D55F00017A80 /* SLog */ = {
			isa = PBXGroup;
			children = (
				6F1281B21F50D55F00017A80 /* SLog.h */,
				6F1281B31F50D55F00017A80 /* Info.plist */,
				6F1281C91F50D94A00017A80 /* SLogDemo.swift */,
			);
			path = SLog;
			sourceTree = "<group>";
		};
		6F1281BC1F50D56000017A80 /* SLogTests */ = {
			isa = PBXGroup;
			children = (
				6F1281BD1F50D56000017A80 /* SLogTests.swift */,
				6F1281BF1F50D56000017A80 /* Info.plist */,
			);
			path = SLogTests;
			sourceTree = "<group>";
		};
/* End PBXGroup section */

/* Begin PBXHeadersBuildPhase section */
		6F1281AC1F50D55F00017A80 /* Headers */ = {
			isa = PBXHeadersBuildPhase;
			buildActionMask = 2147483647;
			files = (
				6F1281C01F50D56000017A80 /* SLog.h in Headers */,
			);
			runOnlyForDeploymentPostprocessing = 0;
		};
/* End PBXHeadersBuildPhase section */

/* Begin PBXNativeTarget section */
		6F1281AE1F50D55F00017A80 /* SLog */ = {
			isa = PBXNativeTarget;
			buildConfigurationList = 6F1281C31F50D56000017A80 /* Build configuration list for PBXNativeTarget "SLog" */;
			buildPhases = (
				6F1281AA1F50D55F00017A80 /* Sources */,
				6F1281AB1F50D55F00017A80 /* Frameworks */,
				6F1281AC1F50D55F00017A80 /* Headers */,
				6F1281AD1F50D55F00017A80 /* Resources */,
			);
			buildRules = (
			);
			dependencies = (
			);
			name = SLog;
			productName = SLog;
			productReference = 6F1281AF1F50D55F00017A80 /* SLog.framework */;
			productType = "com.apple.product-type.framework";
		};
		6F1281B71F50D56000017A80 /* SLogTests */ = {
			isa = PBXNativeTarget;
			buildConfigurationList = 6F1281C61F50D56000017A80 /* Build configuration list for PBXNativeTarget "SLogTests" */;
			buildPhases = (
				6F1281B41F50D56000017A80 /* Sources */,
				6F1281B51F50D56000017A80 /* Frameworks */,
				6F1281B61F50D56000017A80 /* Resources */,
			);
			buildRules = (
			);
			dependencies = (
				6F1281BB1F50D56000017A80 /* PBXTargetDependency */,
			);
			name = SLogTests;
			productName = SLogTests;
			productReference = 6F1281B81F50D56000017A80 /* SLogTests.xctest */;
			productType = "com.apple.product-type.bundle.unit-test";
		};
/* End PBXNativeTarget section */

/* Begin PBXProject section */
		6F1281A61F50D55F00017A80 /* Project object */ = {
			isa = PBXProject;
			attributes = {
				LastSwiftUpdateCheck = 0900;
				LastUpgradeCheck = 0900;
				ORGANIZATIONNAME = "Sam Krishna";
				TargetAttributes = {
					6F1281AE1F50D55F00017A80 = {
						CreatedOnToolsVersion = 9.0;
						LastSwiftMigration = 0900;
						ProvisioningStyle = Automatic;
					};
					6F1281B71F50D56000017A80 = {
						CreatedOnToolsVersion = 9.0;
						ProvisioningStyle = Automatic;
					};
				};
			};
			buildConfigurationList = 6F1281A91F50D55F00017A80 /* Build configuration list for PBXProject "SLog" */;
			compatibilityVersion = "Xcode 8.0";
			developmentRegion = en;
			hasScannedForEncodings = 0;
			knownRegions = (
				en,
			);
			mainGroup = 6F1281A51F50D55F00017A80;
			productRefGroup = 6F1281B01F50D55F00017A80 /* Products */;
			projectDirPath = "";
			projectRoot = "";
			targets = (
				6F1281AE1F50D55F00017A80 /* SLog */,
				6F1281B71F50D56000017A80 /* SLogTests */,
			);
		};
/* End PBXProject section */

/* Begin PBXResourcesBuildPhase section */
		6F1281AD1F50D55F00017A80 /* Resources */ = {
			isa = PBXResourcesBuildPhase;
			buildActionMask = 2147483647;
			files = (
			);
			runOnlyForDeploymentPostprocessing = 0;
		};
		6F1281B61F50D56000017A80 /* Resources */ = {
			isa = PBXResourcesBuildPhase;
			buildActionMask = 2147483647;
			files = (
			);
			runOnlyForDeploymentPostprocessing = 0;
		};
/* End PBXResourcesBuildPhase section */

/* Begin PBXSourcesBuildPhase section */
		6F1281AA1F50D55F00017A80 /* Sources */ = {
			isa = PBXSourcesBuildPhase;
			buildActionMask = 2147483647;
			files = (
				6F1281CA1F50D94A00017A80 /* SLogDemo.swift in Sources */,
			);
			runOnlyForDeploymentPostprocessing = 0;
		};
		6F1281B41F50D56000017A80 /* Sources */ = {
			isa = PBXSourcesBuildPhase;
			buildActionMask = 2147483647;
			files = (
				6F1281BE1F50D56000017A80 /* SLogTests.swift in Sources */,
			);
			runOnlyForDeploymentPostprocessing = 0;
		};
/* End PBXSourcesBuildPhase section */

/* Begin PBXTargetDependency section */
		6F1281BB1F50D56000017A80 /* PBXTargetDependency */ = {
			isa = PBXTargetDependency;
			target = 6F1281AE1F50D55F00017A80 /* SLog */;
			targetProxy = 6F1281BA1F50D56000017A80 /* PBXContainerItemProxy */;
		};
/* End PBXTargetDependency section */

/* Begin XCBuildConfiguration section */
		6F1281C11F50D56000017A80 /* Debug */ = {
			isa = XCBuildConfiguration;
			buildSettings = {
				ALWAYS_SEARCH_USER_PATHS = NO;
				CLANG_ANALYZER_NONNULL = YES;
				CLANG_ANALYZER_NUMBER_OBJECT_CONVERSION = YES_AGGRESSIVE;
				CLANG_CXX_LANGUAGE_STANDARD = "gnu++14";
				CLANG_CXX_LIBRARY = "libc++";
				CLANG_ENABLE_MODULES = YES;
				CLANG_ENABLE_OBJC_ARC = YES;
				CLANG_WARN_BLOCK_CAPTURE_AUTORELEASING = YES;
				CLANG_WARN_BOOL_CONVERSION = YES;
				CLANG_WARN_COMMA = YES;
				CLANG_WARN_CONSTANT_CONVERSION = YES;
				CLANG_WARN_DIRECT_OBJC_ISA_USAGE = YES_ERROR;
				CLANG_WARN_DOCUMENTATION_COMMENTS = YES;
				CLANG_WARN_EMPTY_BODY = YES;
				CLANG_WARN_ENUM_CONVERSION = YES;
				CLANG_WARN_INFINITE_RECURSION = YES;
				CLANG_WARN_INT_CONVERSION = YES;
				CLANG_WARN_NON_LITERAL_NULL_CONVERSION = YES;
				CLANG_WARN_OBJC_LITERAL_CONVERSION = YES;
				CLANG_WARN_OBJC_ROOT_CLASS = YES_ERROR;
				CLANG_WARN_RANGE_LOOP_ANALYSIS = YES;
				CLANG_WARN_STRICT_PROTOTYPES = YES;
				CLANG_WARN_SUSPICIOUS_MOVE = YES;
				CLANG_WARN_UNGUARDED_AVAILABILITY = YES_AGGRESSIVE;
				CLANG_WARN_UNREACHABLE_CODE = YES;
				CLANG_WARN__DUPLICATE_METHOD_MATCH = YES;
				CODE_SIGN_IDENTITY = "Mac Developer";
				COPY_PHASE_STRIP = NO;
				CURRENT_PROJECT_VERSION = 1;
				DEBUG_INFORMATION_FORMAT = dwarf;
				ENABLE_STRICT_OBJC_MSGSEND = YES;
				ENABLE_TESTABILITY = YES;
				GCC_C_LANGUAGE_STANDARD = gnu11;
				GCC_DYNAMIC_NO_PIC = NO;
				GCC_NO_COMMON_BLOCKS = YES;
				GCC_OPTIMIZATION_LEVEL = 0;
				GCC_PREPROCESSOR_DEFINITIONS = (
					"DEBUG=1",
					"$(inherited)",
				);
				GCC_WARN_64_TO_32_BIT_CONVERSION = YES;
				GCC_WARN_ABOUT_RETURN_TYPE = YES_ERROR;
				GCC_WARN_UNDECLARED_SELECTOR = YES;
				GCC_WARN_UNINITIALIZED_AUTOS = YES_AGGRESSIVE;
				GCC_WARN_UNUSED_FUNCTION = YES;
				GCC_WARN_UNUSED_VARIABLE = YES;
				MACOSX_DEPLOYMENT_TARGET = 10.12;
				MTL_ENABLE_DEBUG_INFO = YES;
				ONLY_ACTIVE_ARCH = YES;
				SDKROOT = macosx;
				SWIFT_ACTIVE_COMPILATION_CONDITIONS = DEBUG;
				SWIFT_OPTIMIZATION_LEVEL = "-Onone";
				VERSIONING_SYSTEM = "apple-generic";
				VERSION_INFO_PREFIX = "";
			};
			name = Debug;
		};
		6F1281C21F50D56000017A80 /* Release */ = {
			isa = XCBuildConfiguration;
			buildSettings = {
				ALWAYS_SEARCH_USER_PATHS = NO;
				CLANG_ANALYZER_NONNULL = YES;
				CLANG_ANALYZER_NUMBER_OBJECT_CONVERSION = YES_AGGRESSIVE;
				CLANG_CXX_LANGUAGE_STANDARD = "gnu++14";
				CLANG_CXX_LIBRARY = "libc++";
				CLANG_ENABLE_MODULES = YES;
				CLANG_ENABLE_OBJC_ARC = YES;
				CLANG_WARN_BLOCK_CAPTURE_AUTORELEASING = YES;
				CLANG_WARN_BOOL_CONVERSION = YES;
				CLANG_WARN_COMMA = YES;
				CLANG_WARN_CONSTANT_CONVERSION = YES;
				CLANG_WARN_DIRECT_OBJC_ISA_USAGE = YES_ERROR;
				CLANG_WARN_DOCUMENTATION_COMMENTS = YES;
				CLANG_WARN_EMPTY_BODY = YES;
				CLANG_WARN_ENUM_CONVERSION = YES;
				CLANG_WARN_INFINITE_RECURSION = YES;
				CLANG_WARN_INT_CONVERSION = YES;
				CLANG_WARN_NON_LITERAL_NULL_CONVERSION = YES;
				CLANG_WARN_OBJC_LITERAL_CONVERSION = YES;
				CLANG_WARN_OBJC_ROOT_CLASS = YES_ERROR;
				CLANG_WARN_RANGE_LOOP_ANALYSIS = YES;
				CLANG_WARN_STRICT_PROTOTYPES = YES;
				CLANG_WARN_SUSPICIOUS_MOVE = YES;
				CLANG_WARN_UNGUARDED_AVAILABILITY = YES_AGGRESSIVE;
				CLANG_WARN_UNREACHABLE_CODE = YES;
				CLANG_WARN__DUPLICATE_METHOD_MATCH = YES;
				CODE_SIGN_IDENTITY = "Mac Developer";
				COPY_PHASE_STRIP = NO;
				CURRENT_PROJECT_VERSION = 1;
				DEBUG_INFORMATION_FORMAT = "dwarf-with-dsym";
				ENABLE_NS_ASSERTIONS = NO;
				ENABLE_STRICT_OBJC_MSGSEND = YES;
				GCC_C_LANGUAGE_STANDARD = gnu11;
				GCC_NO_COMMON_BLOCKS = YES;
				GCC_WARN_64_TO_32_BIT_CONVERSION = YES;
				GCC_WARN_ABOUT_RETURN_TYPE = YES_ERROR;
				GCC_WARN_UNDECLARED_SELECTOR = YES;
				GCC_WARN_UNINITIALIZED_AUTOS = YES_AGGRESSIVE;
				GCC_WARN_UNUSED_FUNCTION = YES;
				GCC_WARN_UNUSED_VARIABLE = YES;
				MACOSX_DEPLOYMENT_TARGET = 10.12;
				MTL_ENABLE_DEBUG_INFO = NO;
				SDKROOT = macosx;
				SWIFT_OPTIMIZATION_LEVEL = "-Owholemodule";
				VERSIONING_SYSTEM = "apple-generic";
				VERSION_INFO_PREFIX = "";
			};
			name = Release;
		};
		6F1281C41F50D56000017A80 /* Debug */ = {
			isa = XCBuildConfiguration;
			buildSettings = {
				CLANG_ENABLE_MODULES = YES;
				CODE_SIGN_IDENTITY = "";
				CODE_SIGN_STYLE = Automatic;
				COMBINE_HIDPI_IMAGES = YES;
				DEFINES_MODULE = YES;
				DEVELOPMENT_TEAM = LJWQXKAD69;
				DYLIB_COMPATIBILITY_VERSION = 1;
				DYLIB_CURRENT_VERSION = 1;
				DYLIB_INSTALL_NAME_BASE = "@rpath";
				FRAMEWORK_SEARCH_PATHS = "$(SRCROOT)/**";
				FRAMEWORK_VERSION = A;
				INFOPLIST_FILE = SLog/Info.plist;
				INSTALL_PATH = "$(LOCAL_LIBRARY_DIR)/Frameworks";
				LD_RUNPATH_SEARCH_PATHS = "$(inherited) @executable_path/../Frameworks @loader_path/Frameworks";
				PRODUCT_BUNDLE_IDENTIFIER = com.sectormobile.SLog;
				PRODUCT_NAME = "$(TARGET_NAME:c99extidentifier)";
				SKIP_INSTALL = YES;
				SWIFT_OPTIMIZATION_LEVEL = "-Onone";
				SWIFT_VERSION = 4.0;
			};
			name = Debug;
		};
		6F1281C51F50D56000017A80 /* Release */ = {
			isa = XCBuildConfiguration;
			buildSettings = {
				CLANG_ENABLE_MODULES = YES;
				CODE_SIGN_IDENTITY = "";
				CODE_SIGN_STYLE = Automatic;
				COMBINE_HIDPI_IMAGES = YES;
				DEFINES_MODULE = YES;
				DEVELOPMENT_TEAM = LJWQXKAD69;
				DYLIB_COMPATIBILITY_VERSION = 1;
				DYLIB_CURRENT_VERSION = 1;
				DYLIB_INSTALL_NAME_BASE = "@rpath";
				FRAMEWORK_SEARCH_PATHS = "$(SRCROOT)/**";
				FRAMEWORK_VERSION = A;
				INFOPLIST_FILE = SLog/Info.plist;
				INSTALL_PATH = "$(LOCAL_LIBRARY_DIR)/Frameworks";
				LD_RUNPATH_SEARCH_PATHS = "$(inherited) @executable_path/../Frameworks @loader_path/Frameworks";
				PRODUCT_BUNDLE_IDENTIFIER = com.sectormobile.SLog;
				PRODUCT_NAME = "$(TARGET_NAME:c99extidentifier)";
				SKIP_INSTALL = YES;
				SWIFT_VERSION = 4.0;
			};
			name = Release;
		};
		6F1281C71F50D56000017A80 /* Debug */ = {
			isa = XCBuildConfiguration;
			buildSettings = {
				ALWAYS_EMBED_SWIFT_STANDARD_LIBRARIES = YES;
				CODE_SIGN_STYLE = Automatic;
				COMBINE_HIDPI_IMAGES = YES;
				DEVELOPMENT_TEAM = LJWQXKAD69;
				INFOPLIST_FILE = SLogTests/Info.plist;
				LD_RUNPATH_SEARCH_PATHS = "$(inherited) @executable_path/../Frameworks @loader_path/../Frameworks";
				PRODUCT_BUNDLE_IDENTIFIER = com.sectormobile.SLogTests;
				PRODUCT_NAME = "$(TARGET_NAME)";
				SWIFT_VERSION = 4.0;
			};
			name = Debug;
		};
		6F1281C81F50D56000017A80 /* Release */ = {
			isa = XCBuildConfiguration;
			buildSettings = {
				ALWAYS_EMBED_SWIFT_STANDARD_LIBRARIES = YES;
				CODE_SIGN_STYLE = Automatic;
				COMBINE_HIDPI_IMAGES = YES;
				DEVELOPMENT_TEAM = LJWQXKAD69;
				INFOPLIST_FILE = SLogTests/Info.plist;
				LD_RUNPATH_SEARCH_PATHS = "$(inherited) @executable_path/../Frameworks @loader_path/../Frameworks";
				PRODUCT_BUNDLE_IDENTIFIER = com.sectormobile.SLogTests;
				PRODUCT_NAME = "$(TARGET_NAME)";
				SWIFT_VERSION = 4.0;
			};
			name = Release;
		};
/* End XCBuildConfiguration section */

/* Begin XCConfigurationList section */
		6F1281A91F50D55F00017A80 /* Build configuration list for PBXProject "SLog" */ = {
			isa = XCConfigurationList;
			buildConfigurations = (
				6F1281C11F50D56000017A80 /* Debug */,
				6F1281C21F50D56000017A80 /* Release */,
			);
			defaultConfigurationIsVisible = 0;
			defaultConfigurationName = Release;
		};
		6F1281C31F50D56000017A80 /* Build configuration list for PBXNativeTarget "SLog" */ = {
			isa = XCConfigurationList;
			buildConfigurations = (
				6F1281C41F50D56000017A80 /* Debug */,
				6F1281C51F50D56000017A80 /* Release */,
			);
			defaultConfigurationIsVisible = 0;
			defaultConfigurationName = Release;
		};
		6F1281C61F50D56000017A80 /* Build configuration list for PBXNativeTarget "SLogTests" */ = {
			isa = XCConfigurationList;
			buildConfigurations = (
				6F1281C71F50D56000017A80 /* Debug */,
				6F1281C81F50D56000017A80 /* Release */,
			);
			defaultConfigurationIsVisible = 0;
			defaultConfigurationName = Release;
		};
/* End XCConfigurationList section */
	};
	rootObject = 6F1281A61F50D55F00017A80 /* Project object */;
}
